
Microsoft Visual Studio Solution File, Format Version 12.00
# Visual Studio Version 17
VisualStudioVersion = 17.14.36221.1
MinimumVisualStudioVersion = 10.0.40219.1
Project("{FAE04EC0-301F-11D3-BF4B-00C04F79EFBC}") = "VetPawPlatform.API", "VetPawPlatformAPI\VetPawPlatform.API.csproj", "{72A209C2-8962-429D-ACA6-6BC6E36705F2}"
EndProject
Project("{2150E333-8FDC-42A3-9474-1A3956D46DE8}") = "Domain", "Domain", "{02EA681E-C7D8-13C7-8484-4AC65E1B71E8}"
EndProject
Project("{2150E333-8FDC-42A3-9474-1A3956D46DE8}") = "Infra", "Infra", "{B525C312-F218-45E5-A630-8DEC25069A8C}"
EndProject
Project("{2150E333-8FDC-42A3-9474-1A3956D46DE8}") = "Application", "Application", "{84F32FF2-3E22-4A14-9BAD-2A8E520453F3}"
EndProject
Project("{2150E333-8FDC-42A3-9474-1A3956D46DE8}") = "Testes", "Testes", "{68985FB2-3772-447B-8AC4-1028F65314AA}"
EndProject
Project("{2150E333-8FDC-42A3-9474-1A3956D46DE8}") = "src", "src", "{1A409F88-213A-4D2C-93F2-E50C359F17CA}"
EndProject
Project("{FAE04EC0-301F-11D3-BF4B-00C04F79EFBC}") = "VetPawPlatform.Domain", "VetPawPlatform.Dominio\VetPawPlatform.Domain.csproj", "{45BCA6D8-D61F-4057-9E95-EB68DB8FD9E8}"
EndProject
Project("{FAE04EC0-301F-11D3-BF4B-00C04F79EFBC}") = "VetPawPlatform.Application", "VetPawPlatform.Application\VetPawPlatform.Application.csproj", "{8196A4D9-162C-4CB7-9349-52A07E1A3BA5}"
EndProject
Project("{FAE04EC0-301F-11D3-BF4B-00C04F79EFBC}") = "VetPawPlatform.Infra.DynamoDB", "VetPawPlataform.Infra.DynamoDB\VetPawPlatform.Infra.DynamoDB.csproj", "{159CFAB7-65EE-4C20-B90A-43B5E5EC9E61}"
EndProject
Project("{FAE04EC0-301F-11D3-BF4B-00C04F79EFBC}") = "VetPawPlatform.Tests", "VetPawPlataform.Tests\VetPawPlatform.Tests.csproj", "{88D87EAE-3580-4F17-891E-990D837E63BE}"
EndProject
Project("{2150E333-8FDC-42A3-9474-1A3956D46DE8}") = "Api", "Api", "{0225DD8E-EBE2-46FC-9430-E7FAD672334D}"
EndProject
Global
	GlobalSection(SolutionConfigurationPlatforms) = preSolution
		Debug|Any CPU = Debug|Any CPU
		Release|Any CPU = Release|Any CPU
	EndGlobalSection
	GlobalSection(ProjectConfigurationPlatforms) = postSolution
		{72A209C2-8962-429D-ACA6-6BC6E36705F2}.Debug|Any CPU.ActiveCfg = Debug|Any CPU
		{72A209C2-8962-429D-ACA6-6BC6E36705F2}.Debug|Any CPU.Build.0 = Debug|Any CPU
		{72A209C2-8962-429D-ACA6-6BC6E36705F2}.Release|Any CPU.ActiveCfg = Release|Any CPU
		{72A209C2-8962-429D-ACA6-6BC6E36705F2}.Release|Any CPU.Build.0 = Release|Any CPU
		{45BCA6D8-D61F-4057-9E95-EB68DB8FD9E8}.Debug|Any CPU.ActiveCfg = Debug|Any CPU
		{45BCA6D8-D61F-4057-9E95-EB68DB8FD9E8}.Debug|Any CPU.Build.0 = Debug|Any CPU
		{45BCA6D8-D61F-4057-9E95-EB68DB8FD9E8}.Release|Any CPU.ActiveCfg = Release|Any CPU
		{45BCA6D8-D61F-4057-9E95-EB68DB8FD9E8}.Release|Any CPU.Build.0 = Release|Any CPU
		{8196A4D9-162C-4CB7-9349-52A07E1A3BA5}.Debug|Any CPU.ActiveCfg = Debug|Any CPU
		{8196A4D9-162C-4CB7-9349-52A07E1A3BA5}.Debug|Any CPU.Build.0 = Debug|Any CPU
		{8196A4D9-162C-4CB7-9349-52A07E1A3BA5}.Release|Any CPU.ActiveCfg = Release|Any CPU
		{8196A4D9-162C-4CB7-9349-52A07E1A3BA5}.Release|Any CPU.Build.0 = Release|Any CPU
		{159CFAB7-65EE-4C20-B90A-43B5E5EC9E61}.Debug|Any CPU.ActiveCfg = Debug|Any CPU
		{159CFAB7-65EE-4C20-B90A-43B5E5EC9E61}.Debug|Any CPU.Build.0 = Debug|Any CPU
		{159CFAB7-65EE-4C20-B90A-43B5E5EC9E61}.Release|Any CPU.ActiveCfg = Release|Any CPU
		{159CFAB7-65EE-4C20-B90A-43B5E5EC9E61}.Release|Any CPU.Build.0 = Release|Any CPU
		{88D87EAE-3580-4F17-891E-990D837E63BE}.Debug|Any CPU.ActiveCfg = Debug|Any CPU
		{88D87EAE-3580-4F17-891E-990D837E63BE}.Debug|Any CPU.Build.0 = Debug|Any CPU
		{88D87EAE-3580-4F17-891E-990D837E63BE}.Release|Any CPU.ActiveCfg = Release|Any CPU
		{88D87EAE-3580-4F17-891E-990D837E63BE}.Release|Any CPU.Build.0 = Release|Any CPU
	EndGlobalSection
	GlobalSection(SolutionProperties) = preSolution
		HideSolutionNode = FALSE
	EndGlobalSection
	GlobalSection(NestedProjects) = preSolution
		{72A209C2-8962-429D-ACA6-6BC6E36705F2} = {0225DD8E-EBE2-46FC-9430-E7FAD672334D}
		{02EA681E-C7D8-13C7-8484-4AC65E1B71E8} = {1A409F88-213A-4D2C-93F2-E50C359F17CA}
		{B525C312-F218-45E5-A630-8DEC25069A8C} = {1A409F88-213A-4D2C-93F2-E50C359F17CA}
		{84F32FF2-3E22-4A14-9BAD-2A8E520453F3} = {1A409F88-213A-4D2C-93F2-E50C359F17CA}
		{45BCA6D8-D61F-4057-9E95-EB68DB8FD9E8} = {02EA681E-C7D8-13C7-8484-4AC65E1B71E8}
		{8196A4D9-162C-4CB7-9349-52A07E1A3BA5} = {84F32FF2-3E22-4A14-9BAD-2A8E520453F3}
		{159CFAB7-65EE-4C20-B90A-43B5E5EC9E61} = {B525C312-F218-45E5-A630-8DEC25069A8C}
		{88D87EAE-3580-4F17-891E-990D837E63BE} = {68985FB2-3772-447B-8AC4-1028F65314AA}
		{0225DD8E-EBE2-46FC-9430-E7FAD672334D} = {1A409F88-213A-4D2C-93F2-E50C359F17CA}
	EndGlobalSection
	GlobalSection(ExtensibilityGlobals) = postSolution
		SolutionGuid = {A810C722-2247-4C0C-8199-1D53C4A535CD}
	EndGlobalSection
EndGlobal
